// !$*UTF8*$!
{
	archiveVersion = 1;
	classes = {
	};
	objectVersion = 50;
	objects = {

/* Begin PBXBuildFile section */
		FA7116D1214CBCDA00B910DD /* SettingsLauncher.swift in Sources */ = {isa = PBXBuildFile; fileRef = FA7116D0214CBCDA00B910DD /* SettingsLauncher.swift */; };
		FA7116D3214CC16B00B910DD /* AppDelegate.swift in Sources */ = {isa = PBXBuildFile; fileRef = FA7116D2214CC16B00B910DD /* AppDelegate.swift */; };
		FA7116D5214CC6D100B910DD /* SettingCell.swift in Sources */ = {isa = PBXBuildFile; fileRef = FA7116D4214CC6D100B910DD /* SettingCell.swift */; };
		FA7116D8214D22CE00B910DD /* ApiService.swift in Sources */ = {isa = PBXBuildFile; fileRef = FA7116D7214D22CE00B910DD /* ApiService.swift */; };
		FAEC00D7214BD7DB0008D933 /* BaseCell.swift in Sources */ = {isa = PBXBuildFile; fileRef = FAEC00D6214BD7DB0008D933 /* BaseCell.swift */; };
		FAEC00D9214BD8590008D933 /* MenuCell.swift in Sources */ = {isa = PBXBuildFile; fileRef = FAEC00D8214BD8590008D933 /* MenuCell.swift */; };
		FAEC00DD214BEFF60008D933 /* Video.swift in Sources */ = {isa = PBXBuildFile; fileRef = FAEC00DC214BEFF60008D933 /* Video.swift */; };
		FAF4B7A5214A46DC001761E5 /* HomeController.swift in Sources */ = {isa = PBXBuildFile; fileRef = FAF4B7A4214A46DC001761E5 /* HomeController.swift */; };
		FAF4B7A8214A46DC001761E5 /* Main.storyboard in Resources */ = {isa = PBXBuildFile; fileRef = FAF4B7A6214A46DC001761E5 /* Main.storyboard */; };
		FAF4B7AA214A46DD001761E5 /* Assets.xcassets in Resources */ = {isa = PBXBuildFile; fileRef = FAF4B7A9214A46DD001761E5 /* Assets.xcassets */; };
		FAF4B7AD214A46DD001761E5 /* LaunchScreen.storyboard in Resources */ = {isa = PBXBuildFile; fileRef = FAF4B7AB214A46DD001761E5 /* LaunchScreen.storyboard */; };
		FAF4B7B6214A6BFA001761E5 /* Extension.swift in Sources */ = {isa = PBXBuildFile; fileRef = FAF4B7B5214A6BFA001761E5 /* Extension.swift */; };
		FAF4B7B9214A6C91001761E5 /* VideoCell.swift in Sources */ = {isa = PBXBuildFile; fileRef = FAF4B7B8214A6C91001761E5 /* VideoCell.swift */; };
		FAF4B7BD214A6E2E001761E5 /* MenuBar.swift in Sources */ = {isa = PBXBuildFile; fileRef = FAF4B7BC214A6E2E001761E5 /* MenuBar.swift */; };
/* End PBXBuildFile section */

/* Begin PBXFileReference section */
		FA7116D0214CBCDA00B910DD /* SettingsLauncher.swift */ = {isa = PBXFileReference; lastKnownFileType = sourcecode.swift; path = SettingsLauncher.swift; sourceTree = "<group>"; };
		FA7116D2214CC16B00B910DD /* AppDelegate.swift */ = {isa = PBXFileReference; lastKnownFileType = sourcecode.swift; path = AppDelegate.swift; sourceTree = "<group>"; };
		FA7116D4214CC6D100B910DD /* SettingCell.swift */ = {isa = PBXFileReference; lastKnownFileType = sourcecode.swift; path = SettingCell.swift; sourceTree = "<group>"; };
		FA7116D7214D22CE00B910DD /* ApiService.swift */ = {isa = PBXFileReference; lastKnownFileType = sourcecode.swift; path = ApiService.swift; sourceTree = "<group>"; };
		FAEC00D6214BD7DB0008D933 /* BaseCell.swift */ = {isa = PBXFileReference; lastKnownFileType = sourcecode.swift; path = BaseCell.swift; sourceTree = "<group>"; };
		FAEC00D8214BD8590008D933 /* MenuCell.swift */ = {isa = PBXFileReference; lastKnownFileType = sourcecode.swift; path = MenuCell.swift; sourceTree = "<group>"; };
		FAEC00DC214BEFF60008D933 /* Video.swift */ = {isa = PBXFileReference; lastKnownFileType = sourcecode.swift; path = Video.swift; sourceTree = "<group>"; };
		FAF4B79F214A46DC001761E5 /* YoutubeApplication.app */ = {isa = PBXFileReference; explicitFileType = wrapper.application; includeInIndex = 0; path = YoutubeApplication.app; sourceTree = BUILT_PRODUCTS_DIR; };
		FAF4B7A4214A46DC001761E5 /* HomeController.swift */ = {isa = PBXFileReference; lastKnownFileType = sourcecode.swift; path = HomeController.swift; sourceTree = "<group>"; };
		FAF4B7A7214A46DC001761E5 /* Base */ = {isa = PBXFileReference; lastKnownFileType = file.storyboard; name = Base; path = Base.lproj/Main.storyboard; sourceTree = "<group>"; };
		FAF4B7A9214A46DD001761E5 /* Assets.xcassets */ = {isa = PBXFileReference; lastKnownFileType = folder.assetcatalog; path = Assets.xcassets; sourceTree = "<group>"; };
		FAF4B7AC214A46DD001761E5 /* Base */ = {isa = PBXFileReference; lastKnownFileType = file.storyboard; name = Base; path = Base.lproj/LaunchScreen.storyboard; sourceTree = "<group>"; };
		FAF4B7AE214A46DD001761E5 /* Info.plist */ = {isa = PBXFileReference; lastKnownFileType = text.plist.xml; path = Info.plist; sourceTree = "<group>"; };
		FAF4B7B5214A6BFA001761E5 /* Extension.swift */ = {isa = PBXFileReference; lastKnownFileType = sourcecode.swift; path = Extension.swift; sourceTree = "<group>"; };
		FAF4B7B8214A6C91001761E5 /* VideoCell.swift */ = {isa = PBXFileReference; lastKnownFileType = sourcecode.swift; path = VideoCell.swift; sourceTree = "<group>"; };
		FAF4B7BC214A6E2E001761E5 /* MenuBar.swift */ = {isa = PBXFileReference; lastKnownFileType = sourcecode.swift; path = MenuBar.swift; sourceTree = "<group>"; };
/* End PBXFileReference section */

/* Begin PBXFrameworksBuildPhase section */
		FAF4B79C214A46DC001761E5 /* Frameworks */ = {
			isa = PBXFrameworksBuildPhase;
			buildActionMask = 2147483647;
			files = (
			);
			runOnlyForDeploymentPostprocessing = 0;
		};
/* End PBXFrameworksBuildPhase section */

/* Begin PBXGroup section */
		FA7116D6214D22B700B910DD /* ApiService */ = {
			isa = PBXGroup;
			children = (
				FA7116D7214D22CE00B910DD /* ApiService.swift */,
			);
			path = ApiService;
			sourceTree = "<group>";
		};
		FAEC00DB214BEFDD0008D933 /* Models */ = {
			isa = PBXGroup;
			children = (
				FAEC00DC214BEFF60008D933 /* Video.swift */,
			);
			path = Models;
			sourceTree = "<group>";
		};
		FAF4B796214A46DB001761E5 = {
			isa = PBXGroup;
			children = (
				FAF4B7A1214A46DC001761E5 /* YoutubeApplication */,
				FAF4B7A0214A46DC001761E5 /* Products */,
			);
			sourceTree = "<group>";
		};
		FAF4B7A0214A46DC001761E5 /* Products */ = {
			isa = PBXGroup;
			children = (
				FAF4B79F214A46DC001761E5 /* YoutubeApplication.app */,
			);
			name = Products;
			sourceTree = "<group>";
		};
		FAF4B7A1214A46DC001761E5 /* YoutubeApplication */ = {
			isa = PBXGroup;
			children = (
				FA7116D6214D22B700B910DD /* ApiService */,
				FAEC00DB214BEFDD0008D933 /* Models */,
				FAF4B7BB214A6CD3001761E5 /* Controllers */,
				FAF4B7B7214A6C6B001761E5 /* Views */,
				FAF4B7B4214A6BD8001761E5 /* Helpers */,
				FAF4B7A6214A46DC001761E5 /* Main.storyboard */,
				FAF4B7A9214A46DD001761E5 /* Assets.xcassets */,
				FAF4B7AB214A46DD001761E5 /* LaunchScreen.storyboard */,
				FAF4B7AE214A46DD001761E5 /* Info.plist */,
				FA7116D2214CC16B00B910DD /* AppDelegate.swift */,
			);
			path = YoutubeApplication;
			sourceTree = "<group>";
		};
		FAF4B7B4214A6BD8001761E5 /* Helpers */ = {
			isa = PBXGroup;
			children = (
				FAF4B7B5214A6BFA001761E5 /* Extension.swift */,
			);
			path = Helpers;
			sourceTree = "<group>";
		};
		FAF4B7B7214A6C6B001761E5 /* Views */ = {
			isa = PBXGroup;
			children = (
				FAF4B7B8214A6C91001761E5 /* VideoCell.swift */,
				FAF4B7BC214A6E2E001761E5 /* MenuBar.swift */,
				FAEC00D6214BD7DB0008D933 /* BaseCell.swift */,
				FAEC00D8214BD8590008D933 /* MenuCell.swift */,
				FA7116D4214CC6D100B910DD /* SettingCell.swift */,
			);
			path = Views;
			sourceTree = "<group>";
		};
		FAF4B7BB214A6CD3001761E5 /* Controllers */ = {
			isa = PBXGroup;
			children = (
				FAF4B7A4214A46DC001761E5 /* HomeController.swift */,
				FA7116D0214CBCDA00B910DD /* SettingsLauncher.swift */,
			);
			path = Controllers;
			sourceTree = "<group>";
		};
/* End PBXGroup section */

/* Begin PBXNativeTarget section */
		FAF4B79E214A46DC001761E5 /* YoutubeApplication */ = {
			isa = PBXNativeTarget;
			buildConfigurationList = FAF4B7B1214A46DD001761E5 /* Build configuration list for PBXNativeTarget "YoutubeApplication" */;
			buildPhases = (
				FAF4B79B214A46DC001761E5 /* Sources */,
				FAF4B79C214A46DC001761E5 /* Frameworks */,
				FAF4B79D214A46DC001761E5 /* Resources */,
			);
			buildRules = (
			);
			dependencies = (
			);
			name = YoutubeApplication;
			productName = YoutubeApplication;
			productReference = FAF4B79F214A46DC001761E5 /* YoutubeApplication.app */;
			productType = "com.apple.product-type.application";
		};
/* End PBXNativeTarget section */

/* Begin PBXProject section */
		FAF4B797214A46DC001761E5 /* Project object */ = {
			isa = PBXProject;
			attributes = {
				LastSwiftUpdateCheck = 0940;
				LastUpgradeCheck = 0940;
				ORGANIZATIONNAME = "Carsworld Indonesia";
				TargetAttributes = {
					FAF4B79E214A46DC001761E5 = {
						CreatedOnToolsVersion = 9.4.1;
					};
				};
			};
			buildConfigurationList = FAF4B79A214A46DC001761E5 /* Build configuration list for PBXProject "YoutubeApplication" */;
			compatibilityVersion = "Xcode 9.3";
			developmentRegion = en;
			hasScannedForEncodings = 0;
			knownRegions = (
				en,
				Base,
			);
			mainGroup = FAF4B796214A46DB001761E5;
			productRefGroup = FAF4B7A0214A46DC001761E5 /* Products */;
			projectDirPath = "";
			projectRoot = "";
			targets = (
				FAF4B79E214A46DC001761E5 /* YoutubeApplication */,
			);
		};
/* End PBXProject section */

/* Begin PBXResourcesBuildPhase section */
		FAF4B79D214A46DC001761E5 /* Resources */ = {
			isa = PBXResourcesBuildPhase;
			buildActionMask = 2147483647;
			files = (
				FAF4B7AD214A46DD001761E5 /* LaunchScreen.storyboard in Resources */,
				FAF4B7AA214A46DD001761E5 /* Assets.xcassets in Resources */,
				FAF4B7A8214A46DC001761E5 /* Main.storyboard in Resources */,
			);
			runOnlyForDeploymentPostprocessing = 0;
		};
/* End PBXResourcesBuildPhase section */

/* Begin PBXSourcesBuildPhase section */
		FAF4B79B214A46DC001761E5 /* Sources */ = {
			isa = PBXSourcesBuildPhase;
			buildActionMask = 2147483647;
			files = (
				FAF4B7B6214A6BFA001761E5 /* Extension.swift in Sources */,
				FAEC00D9214BD8590008D933 /* MenuCell.swift in Sources */,
				FA7116D1214CBCDA00B910DD /* SettingsLauncher.swift in Sources */,
				FA7116D3214CC16B00B910DD /* AppDelegate.swift in Sources */,
				FAF4B7B9214A6C91001761E5 /* VideoCell.swift in Sources */,
				FAF4B7A5214A46DC001761E5 /* HomeController.swift in Sources */,
				FA7116D8214D22CE00B910DD /* ApiService.swift in Sources */,
				FAEC00DD214BEFF60008D933 /* Video.swift in Sources */,
				FAEC00D7214BD7DB0008D933 /* BaseCell.swift in Sources */,
				FA7116D5214CC6D100B910DD /* SettingCell.swift in Sources */,
				FAF4B7BD214A6E2E001761E5 /* MenuBar.swift in Sources */,
			);
			runOnlyForDeploymentPostprocessing = 0;
		};
/* End PBXSourcesBuildPhase section */

/* Begin PBXVariantGroup section */
		FAF4B7A6214A46DC001761E5 /* Main.storyboard */ = {
			isa = PBXVariantGroup;
			children = (
				FAF4B7A7214A46DC001761E5 /* Base */,
			);
			name = Main.storyboard;
			sourceTree = "<group>";
		};
		FAF4B7AB214A46DD001761E5 /* LaunchScreen.storyboard */ = {
			isa = PBXVariantGroup;
			children = (
				FAF4B7AC214A46DD001761E5 /* Base */,
			);
			name = LaunchScreen.storyboard;
			sourceTree = "<group>";
		};
/* End PBXVariantGroup section */

/* Begin XCBuildConfiguration section */
		FAF4B7AF214A46DD001761E5 /* Debug */ = {
			isa = XCBuildConfiguration;
			buildSettings = {
				ALWAYS_SEARCH_USER_PATHS = NO;
				CLANG_ANALYZER_NONNULL = YES;
				CLANG_ANALYZER_NUMBER_OBJECT_CONVERSION = YES_AGGRESSIVE;
				CLANG_CXX_LANGUAGE_STANDARD = "gnu++14";
				CLANG_CXX_LIBRARY = "libc++";
				CLANG_ENABLE_MODULES = YES;
				CLANG_ENABLE_OBJC_ARC = YES;
				CLANG_ENABLE_OBJC_WEAK = YES;
				CLANG_WARN_BLOCK_CAPTURE_AUTORELEASING = YES;
				CLANG_WARN_BOOL_CONVERSION = YES;
				CLANG_WARN_COMMA = YES;
				CLANG_WARN_CONSTANT_CONVERSION = YES;
				CLANG_WARN_DEPRECATED_OBJC_IMPLEMENTATIONS = YES;
				CLANG_WARN_DIRECT_OBJC_ISA_USAGE = YES_ERROR;
				CLANG_WARN_DOCUMENTATION_COMMENTS = YES;
				CLANG_WARN_EMPTY_BODY = YES;
				CLANG_WARN_ENUM_CONVERSION = YES;
				CLANG_WARN_INFINITE_RECURSION = YES;
				CLANG_WARN_INT_CONVERSION = YES;
				CLANG_WARN_NON_LITERAL_NULL_CONVERSION = YES;
				CLANG_WARN_OBJC_IMPLICIT_RETAIN_SELF = YES;
				CLANG_WARN_OBJC_LITERAL_CONVERSION = YES;
				CLANG_WARN_OBJC_ROOT_CLASS = YES_ERROR;
				CLANG_WARN_RANGE_LOOP_ANALYSIS = YES;
				CLANG_WARN_STRICT_PROTOTYPES = YES;
				CLANG_WARN_SUSPICIOUS_MOVE = YES;
				CLANG_WARN_UNGUARDED_AVAILABILITY = YES_AGGRESSIVE;
				CLANG_WARN_UNREACHABLE_CODE = YES;
				CLANG_WARN__DUPLICATE_METHOD_MATCH = YES;
				CODE_SIGN_IDENTITY = "iPhone Developer";
				COPY_PHASE_STRIP = NO;
				DEBUG_INFORMATION_FORMAT = dwarf;
				ENABLE_STRICT_OBJC_MSGSEND = YES;
				ENABLE_TESTABILITY = YES;
				GCC_C_LANGUAGE_STANDARD = gnu11;
				GCC_DYNAMIC_NO_PIC = NO;
				GCC_NO_COMMON_BLOCKS = YES;
				GCC_OPTIMIZATION_LEVEL = 0;
				GCC_PREPROCESSOR_DEFINITIONS = (
					"DEBUG=1",
					"$(inherited)",
				);
				GCC_WARN_64_TO_32_BIT_CONVERSION = YES;
				GCC_WARN_ABOUT_RETURN_TYPE = YES_ERROR;
				GCC_WARN_UNDECLARED_SELECTOR = YES;
				GCC_WARN_UNINITIALIZED_AUTOS = YES_AGGRESSIVE;
				GCC_WARN_UNUSED_FUNCTION = YES;
				GCC_WARN_UNUSED_VARIABLE = YES;
				IPHONEOS_DEPLOYMENT_TARGET = 11.4;
				MTL_ENABLE_DEBUG_INFO = YES;
				ONLY_ACTIVE_ARCH = YES;
				SDKROOT = iphoneos;
				SWIFT_ACTIVE_COMPILATION_CONDITIONS = DEBUG;
				SWIFT_OPTIMIZATION_LEVEL = "-Onone";
			};
			name = Debug;
		};
		FAF4B7B0214A46DD001761E5 /* Release */ = {
			isa = XCBuildConfiguration;
			buildSettings = {
				ALWAYS_SEARCH_USER_PATHS = NO;
				CLANG_ANALYZER_NONNULL = YES;
				CLANG_ANALYZER_NUMBER_OBJECT_CONVERSION = YES_AGGRESSIVE;
				CLANG_CXX_LANGUAGE_STANDARD = "gnu++14";
				CLANG_CXX_LIBRARY = "libc++";
				CLANG_ENABLE_MODULES = YES;
				CLANG_ENABLE_OBJC_ARC = YES;
				CLANG_ENABLE_OBJC_WEAK = YES;
				CLANG_WARN_BLOCK_CAPTURE_AUTORELEASING = YES;
				CLANG_WARN_BOOL_CONVERSION = YES;
				CLANG_WARN_COMMA = YES;
				CLANG_WARN_CONSTANT_CONVERSION = YES;
				CLANG_WARN_DEPRECATED_OBJC_IMPLEMENTATIONS = YES;
				CLANG_WARN_DIRECT_OBJC_ISA_USAGE = YES_ERROR;
				CLANG_WARN_DOCUMENTATION_COMMENTS = YES;
				CLANG_WARN_EMPTY_BODY = YES;
				CLANG_WARN_ENUM_CONVERSION = YES;
				CLANG_WARN_INFINITE_RECURSION = YES;
				CLANG_WARN_INT_CONVERSION = YES;
				CLANG_WARN_NON_LITERAL_NULL_CONVERSION = YES;
				CLANG_WARN_OBJC_IMPLICIT_RETAIN_SELF = YES;
				CLANG_WARN_OBJC_LITERAL_CONVERSION = YES;
				CLANG_WARN_OBJC_ROOT_CLASS = YES_ERROR;
				CLANG_WARN_RANGE_LOOP_ANALYSIS = YES;
				CLANG_WARN_STRICT_PROTOTYPES = YES;
				CLANG_WARN_SUSPICIOUS_MOVE = YES;
				CLANG_WARN_UNGUARDED_AVAILABILITY = YES_AGGRESSIVE;
				CLANG_WARN_UNREACHABLE_CODE = YES;
				CLANG_WARN__DUPLICATE_METHOD_MATCH = YES;
				CODE_SIGN_IDENTITY = "iPhone Developer";
				COPY_PHASE_STRIP = NO;
				DEBUG_INFORMATION_FORMAT = "dwarf-with-dsym";
				ENABLE_NS_ASSERTIONS = NO;
				ENABLE_STRICT_OBJC_MSGSEND = YES;
				GCC_C_LANGUAGE_STANDARD = gnu11;
				GCC_NO_COMMON_BLOCKS = YES;
				GCC_WARN_64_TO_32_BIT_CONVERSION = YES;
				GCC_WARN_ABOUT_RETURN_TYPE = YES_ERROR;
				GCC_WARN_UNDECLARED_SELECTOR = YES;
				GCC_WARN_UNINITIALIZED_AUTOS = YES_AGGRESSIVE;
				GCC_WARN_UNUSED_FUNCTION = YES;
				GCC_WARN_UNUSED_VARIABLE = YES;
				IPHONEOS_DEPLOYMENT_TARGET = 11.4;
				MTL_ENABLE_DEBUG_INFO = NO;
				SDKROOT = iphoneos;
				SWIFT_COMPILATION_MODE = wholemodule;
				SWIFT_OPTIMIZATION_LEVEL = "-O";
				VALIDATE_PRODUCT = YES;
			};
			name = Release;
		};
		FAF4B7B2214A46DD001761E5 /* Debug */ = {
			isa = XCBuildConfiguration;
			buildSettings = {
				ASSETCATALOG_COMPILER_APPICON_NAME = AppIcon;
				CODE_SIGN_STYLE = Automatic;
				DEVELOPMENT_TEAM = AD5MK6B747;
				INFOPLIST_FILE = YoutubeApplication/Info.plist;
				IPHONEOS_DEPLOYMENT_TARGET = 9.3;
				LD_RUNPATH_SEARCH_PATHS = (
					"$(inherited)",
					"@executable_path/Frameworks",
				);
				PRODUCT_BUNDLE_IDENTIFIER = carsworld.indonesia.YoutubeApplication;
				PRODUCT_NAME = "$(TARGET_NAME)";
				SWIFT_VERSION = 4.0;
				TARGETED_DEVICE_FAMILY = "1,2";
			};
			name = Debug;
		};
		FAF4B7B3214A46DD001761E5 /* Release */ = {
			isa = XCBuildConfiguration;
			buildSettings = {
				ASSETCATALOG_COMPILER_APPICON_NAME = AppIcon;
				CODE_SIGN_STYLE = Automatic;
				DEVELOPMENT_TEAM = AD5MK6B747;
				INFOPLIST_FILE = YoutubeApplication/Info.plist;
				IPHONEOS_DEPLOYMENT_TARGET = 9.3;
				LD_RUNPATH_SEARCH_PATHS = (
					"$(inherited)",
					"@executable_path/Frameworks",
				);
				PRODUCT_BUNDLE_IDENTIFIER = carsworld.indonesia.YoutubeApplication;
				PRODUCT_NAME = "$(TARGET_NAME)";
				SWIFT_VERSION = 4.0;
				TARGETED_DEVICE_FAMILY = "1,2";
			};
			name = Release;
		};
/* End XCBuildConfiguration section */

/* Begin XCConfigurationList section */
		FAF4B79A214A46DC001761E5 /* Build configuration list for PBXProject "YoutubeApplication" */ = {
			isa = XCConfigurationList;
			buildConfigurations = (
				FAF4B7AF214A46DD001761E5 /* Debug */,
				FAF4B7B0214A46DD001761E5 /* Release */,
			);
			defaultConfigurationIsVisible = 0;
			defaultConfigurationName = Release;
		};
		FAF4B7B1214A46DD001761E5 /* Build configuration list for PBXNativeTarget "YoutubeApplication" */ = {
			isa = XCConfigurationList;
			buildConfigurations = (
				FAF4B7B2214A46DD001761E5 /* Debug */,
				FAF4B7B3214A46DD001761E5 /* Release */,
			);
			defaultConfigurationIsVisible = 0;
			defaultConfigurationName = Release;
		};
/* End XCConfigurationList section */
	};
	rootObject = FAF4B797214A46DC001761E5 /* Project object */;
}
